{
  "name": "Portfolio-Insights",
  "lockfileVersion": 3,
  "requires": true,
  "packages": {
    "": {
      "dependencies": {
        "helmet": "^8.3.0"
      }
    },
    "node_modules/helmet": {
      "version": "8.3.0",
      "resolved": "https://registry.npmjs.org/helmet/-/helmet-8.3.0.tgz",
      "integrity": "sha512-Qgpiaws3Sm30Av8Eah6sjMCZZwjlBu+E68rhpCWBshY1lb09HtLwj5GviX0OyQIn+ulUS0iX0AxN5n3tLZzz1w==",
      "license": "MIT",
      "engines": {
        "node": ">=18.0.0"
      },
      "funding": {
        "url": "https://github.com/sponsors/EvanHahn"
      }
    }
  }
}
